
Microsoft Visual Studio Solution File, Format Version 11.00
# Visual Studio 2010
Project("{FAE04EC0-301F-11D3-BF4B-00C04F79EFBC}") = "SMARTGlove", "Assembly-CSharp.csproj", "{0CAF080B-8807-7CC4-77D3-F9008D80CE16}"
EndProject
Project("{FAE04EC0-301F-11D3-BF4B-00C04F79EFBC}") = "SMARTGlove", "Assembly-CSharp-Editor.csproj", "{BB7EDA8F-70A3-B335-8EEA-296F62EAC968}"
EndProject
Global
	GlobalSection(SolutionConfigurationPlatforms) = preSolution
		Debug|Any CPU = Debug|Any CPU
		Release|Any CPU = Release|Any CPU
	EndGlobalSection
	GlobalSection(ProjectConfigurationPlatforms) = postSolution
		{0CAF080B-8807-7CC4-77D3-F9008D80CE16}.Debug|Any CPU.ActiveCfg = Debug|Any CPU
		{0CAF080B-8807-7CC4-77D3-F9008D80CE16}.Debug|Any CPU.Build.0 = Debug|Any CPU
		{0CAF080B-8807-7CC4-77D3-F9008D80CE16}.Release|Any CPU.ActiveCfg = Release|Any CPU
		{0CAF080B-8807-7CC4-77D3-F9008D80CE16}.Release|Any CPU.Build.0 = Release|Any CPU
		{BB7EDA8F-70A3-B335-8EEA-296F62EAC968}.Debug|Any CPU.ActiveCfg = Debug|Any CPU
		{BB7EDA8F-70A3-B335-8EEA-296F62EAC968}.Debug|Any CPU.Build.0 = Debug|Any CPU
		{BB7EDA8F-70A3-B335-8EEA-296F62EAC968}.Release|Any CPU.ActiveCfg = Release|Any CPU
		{BB7EDA8F-70A3-B335-8EEA-296F62EAC968}.Release|Any CPU.Build.0 = Release|Any CPU
	EndGlobalSection
	GlobalSection(SolutionProperties) = preSolution
		HideSolutionNode = FALSE
	EndGlobalSection
	GlobalSection(MonoDevelopProperties) = preSolution
		StartupItem = Assembly-CSharp.csproj
	EndGlobalSection
EndGlobal
